PODS:
  - Expecta (0.2.4)
  - KIF (3.0.4):
    - KIF/XCTest
  - KIF/XCTest (3.0.4)
  - Specta (0.2.1)
  - Swizzlean (0.1.1)

DEPENDENCIES:
  - Expecta (~> 0.2.4)
  - KIF (~> 3.0)
  - Specta (~> 0.2.1)
  - Swizzlean (~> 0.1.1)

SPEC CHECKSUMS:
  Expecta: 5c147dedfea5fbcf773995f7e65020abcc936ce5
  KIF: 6b653d9534ce00dbd4df42f3a4dba1d634e71495
  Specta: 2d06220591110c6d9757d8be8ecf8e63aa40dc2a
  Swizzlean: 364ac43b04c92f24e352cd701df495c4096674d0

COCOAPODS: 0.32.1
